Microsoft Visual Studio Solution File, Format Version 11.00
# Visual Studio 2010
Project("{8BC9CEB8-8B4A-11D0-8D11-00A0C91BC942}") = "OPCClientToolKit", "OPCClientToolKit\OPCClientToolKit.vcxproj", "{169E1B60-878B-4237-95FF-065DD5F36180}"
EndProject
Project("{8BC9CEB8-8B4A-11D0-8D11-00A0C91BC942}") = "OPCPerformance", "OPCPerformance\OPCPerformance.vcxproj", "{18DC0413-2248-469E-8E2B-1628A59A0DF8}"
EndProject
Project("{8BC9CEB8-8B4A-11D0-8D11-00A0C91BC942}") = "OPCClientDemo", "OPCClientDemo\OPCClientDemo.vcxproj", "{D8297ACF-C66B-4EC2-8837-C5A4308A63D6}"
EndProject
Project("{8BC9CEB8-8B4A-11D0-8D11-00A0C91BC942}") = "LocalSyncWrapper", "LocalSyncWrapper\LocalSyncWrapper.vcxproj", "{03F51D04-7C4C-42CA-A5B9-DB6A19B1D413}"
	ProjectSection(ProjectDependencies) = postProject
		{169E1B60-878B-4237-95FF-065DD5F36180} = {169E1B60-878B-4237-95FF-065DD5F36180}
	EndProjectSection
EndProject
Global
	GlobalSection(SolutionConfigurationPlatforms) = preSolution
		Debug|Win32 = Debug|Win32
		Debug|x64 = Debug|x64
		Release|Win32 = Release|Win32
		Release|x64 = Release|x64
	EndGlobalSection
	GlobalSection(ProjectConfigurationPlatforms) = postSolution
		{169E1B60-878B-4237-95FF-065DD5F36180}.Debug|Win32.ActiveCfg = Debug|Win32
		{169E1B60-878B-4237-95FF-065DD5F36180}.Debug|Win32.Build.0 = Debug|Win32
		{169E1B60-878B-4237-95FF-065DD5F36180}.Debug|x64.ActiveCfg = Debug|x64
		{169E1B60-878B-4237-95FF-065DD5F36180}.Debug|x64.Build.0 = Debug|x64
		{169E1B60-878B-4237-95FF-065DD5F36180}.Release|Win32.ActiveCfg = Release|Win32
		{169E1B60-878B-4237-95FF-065DD5F36180}.Release|Win32.Build.0 = Release|Win32
		{169E1B60-878B-4237-95FF-065DD5F36180}.Release|x64.ActiveCfg = Release|x64
		{169E1B60-878B-4237-95FF-065DD5F36180}.Release|x64.Build.0 = Release|x64
		{18DC0413-2248-469E-8E2B-1628A59A0DF8}.Debug|Win32.ActiveCfg = Debug|Win32
		{18DC0413-2248-469E-8E2B-1628A59A0DF8}.Debug|Win32.Build.0 = Debug|Win32
		{18DC0413-2248-469E-8E2B-1628A59A0DF8}.Debug|x64.ActiveCfg = Debug|x64
		{18DC0413-2248-469E-8E2B-1628A59A0DF8}.Debug|x64.Build.0 = Debug|x64
		{18DC0413-2248-469E-8E2B-1628A59A0DF8}.Release|Win32.ActiveCfg = Release|Win32
		{18DC0413-2248-469E-8E2B-1628A59A0DF8}.Release|Win32.Build.0 = Release|Win32
		{18DC0413-2248-469E-8E2B-1628A59A0DF8}.Release|x64.ActiveCfg = Release|x64
		{18DC0413-2248-469E-8E2B-1628A59A0DF8}.Release|x64.Build.0 = Release|x64
		{D8297ACF-C66B-4EC2-8837-C5A4308A63D6}.Debug|Win32.ActiveCfg = Debug|Win32
		{D8297ACF-C66B-4EC2-8837-C5A4308A63D6}.Debug|Win32.Build.0 = Debug|Win32
		{D8297ACF-C66B-4EC2-8837-C5A4308A63D6}.Debug|x64.ActiveCfg = Debug|x64
		{D8297ACF-C66B-4EC2-8837-C5A4308A63D6}.Debug|x64.Build.0 = Debug|x64
		{D8297ACF-C66B-4EC2-8837-C5A4308A63D6}.Release|Win32.ActiveCfg = Release|Win32
		{D8297ACF-C66B-4EC2-8837-C5A4308A63D6}.Release|Win32.Build.0 = Release|Win32
		{D8297ACF-C66B-4EC2-8837-C5A4308A63D6}.Release|x64.ActiveCfg = Release|x64
		{D8297ACF-C66B-4EC2-8837-C5A4308A63D6}.Release|x64.Build.0 = Release|x64
		{03F51D04-7C4C-42CA-A5B9-DB6A19B1D413}.Debug|Win32.ActiveCfg = Debug|Win32
		{03F51D04-7C4C-42CA-A5B9-DB6A19B1D413}.Debug|Win32.Build.0 = Debug|Win32
		{03F51D04-7C4C-42CA-A5B9-DB6A19B1D413}.Debug|x64.ActiveCfg = Debug|x64
		{03F51D04-7C4C-42CA-A5B9-DB6A19B1D413}.Debug|x64.Build.0 = Debug|x64
		{03F51D04-7C4C-42CA-A5B9-DB6A19B1D413}.Release|Win32.ActiveCfg = Release|Win32
		{03F51D04-7C4C-42CA-A5B9-DB6A19B1D413}.Release|Win32.Build.0 = Release|Win32
		{03F51D04-7C4C-42CA-A5B9-DB6A19B1D413}.Release|x64.ActiveCfg = Release|Win32
	EndGlobalSection
	GlobalSection(SolutionProperties) = preSolution
		HideSolutionNode = FALSE
	EndGlobalSection
EndGlobal
